
Microsoft Visual Studio Solution File, Format Version 12.00
# Visual Studio Version 17
VisualStudioVersion = 17.5.33402.96
MinimumVisualStudioVersion = 10.0.40219.1
Project("{FAE04EC0-301F-11D3-BF4B-00C04F79EFBC}") = "VMBoxSnapshoot", "VMBoxSnapshoot.csproj", "{DD145BCD-3C41-46EC-A81B-9E548F4585FC}"
EndProject
Project("{54435603-DBB4-11D2-8724-00A0C9A8B90C}") = "Setup", "..\Setup\Setup.vdproj", "{D7250BA8-BE2E-4851-9E3E-83A1F18E2E92}"
EndProject
Global
	GlobalSection(SolutionConfigurationPlatforms) = preSolution
		Debug|Any CPU = Debug|Any CPU
		Release|Any CPU = Release|Any CPU
	EndGlobalSection
	GlobalSection(ProjectConfigurationPlatforms) = postSolution
		{DD145BCD-3C41-46EC-A81B-9E548F4585FC}.Debug|Any CPU.ActiveCfg = Debug|Any CPU
		{DD145BCD-3C41-46EC-A81B-9E548F4585FC}.Debug|Any CPU.Build.0 = Debug|Any CPU
		{DD145BCD-3C41-46EC-A81B-9E548F4585FC}.Release|Any CPU.ActiveCfg = Release|Any CPU
		{DD145BCD-3C41-46EC-A81B-9E548F4585FC}.Release|Any CPU.Build.0 = Release|Any CPU
		{D7250BA8-BE2E-4851-9E3E-83A1F18E2E92}.Debug|Any CPU.ActiveCfg = Debug
		{D7250BA8-BE2E-4851-9E3E-83A1F18E2E92}.Release|Any CPU.ActiveCfg = Release
	EndGlobalSection
	GlobalSection(SolutionProperties) = preSolution
		HideSolutionNode = FALSE
	EndGlobalSection
	GlobalSection(ExtensibilityGlobals) = postSolution
		SolutionGuid = {528339E9-1540-4498-BCA5-05451EA6E0AD}
	EndGlobalSection
EndGlobal
